
Microsoft Visual Studio Solution File, Format Version 12.00
# Visual Studio Express 2013 for Web
VisualStudioVersion = 12.0.31101.0
MinimumVisualStudioVersion = 10.0.40219.1
Project("{FAE04EC0-301F-11D3-BF4B-00C04F79EFBC}") = "SWIACalc", "SWIACalc\SWIACalc.csproj", "{896CFF03-8CA7-494A-BA70-2E52FCE454BB}"
EndProject
Project("{FAE04EC0-301F-11D3-BF4B-00C04F79EFBC}") = "SWIACalc.Tests", "SWIACalc.Tests\SWIACalc.Tests.csproj", "{3F8AA284-DB2D-4AA5-8280-EF3D21709C44}"
EndProject
Project("{FAE04EC0-301F-11D3-BF4B-00C04F79EFBC}") = "Model", "Model\Model.csproj", "{FE4E8345-F9E4-4C3A-B4EF-29AB828ACCBF}"
EndProject
Project("{FAE04EC0-301F-11D3-BF4B-00C04F79EFBC}") = "Services", "Services\Services.csproj", "{684E1EB5-9FE0-4080-9890-65241CEFD6FF}"
EndProject
Global
	GlobalSection(SolutionConfigurationPlatforms) = preSolution
		Debug|Any CPU = Debug|Any CPU
		Release|Any CPU = Release|Any CPU
	EndGlobalSection
	GlobalSection(ProjectConfigurationPlatforms) = postSolution
		{896CFF03-8CA7-494A-BA70-2E52FCE454BB}.Debug|Any CPU.ActiveCfg = Debug|Any CPU
		{896CFF03-8CA7-494A-BA70-2E52FCE454BB}.Debug|Any CPU.Build.0 = Debug|Any CPU
		{896CFF03-8CA7-494A-BA70-2E52FCE454BB}.Release|Any CPU.ActiveCfg = Release|Any CPU
		{896CFF03-8CA7-494A-BA70-2E52FCE454BB}.Release|Any CPU.Build.0 = Release|Any CPU
		{3F8AA284-DB2D-4AA5-8280-EF3D21709C44}.Debug|Any CPU.ActiveCfg = Debug|Any CPU
		{3F8AA284-DB2D-4AA5-8280-EF3D21709C44}.Debug|Any CPU.Build.0 = Debug|Any CPU
		{3F8AA284-DB2D-4AA5-8280-EF3D21709C44}.Release|Any CPU.ActiveCfg = Release|Any CPU
		{3F8AA284-DB2D-4AA5-8280-EF3D21709C44}.Release|Any CPU.Build.0 = Release|Any CPU
		{FE4E8345-F9E4-4C3A-B4EF-29AB828ACCBF}.Debug|Any CPU.ActiveCfg = Debug|Any CPU
		{FE4E8345-F9E4-4C3A-B4EF-29AB828ACCBF}.Debug|Any CPU.Build.0 = Debug|Any CPU
		{FE4E8345-F9E4-4C3A-B4EF-29AB828ACCBF}.Release|Any CPU.ActiveCfg = Release|Any CPU
		{FE4E8345-F9E4-4C3A-B4EF-29AB828ACCBF}.Release|Any CPU.Build.0 = Release|Any CPU
		{684E1EB5-9FE0-4080-9890-65241CEFD6FF}.Debug|Any CPU.ActiveCfg = Debug|Any CPU
		{684E1EB5-9FE0-4080-9890-65241CEFD6FF}.Debug|Any CPU.Build.0 = Debug|Any CPU
		{684E1EB5-9FE0-4080-9890-65241CEFD6FF}.Release|Any CPU.ActiveCfg = Release|Any CPU
		{684E1EB5-9FE0-4080-9890-65241CEFD6FF}.Release|Any CPU.Build.0 = Release|Any CPU
	EndGlobalSection
	GlobalSection(SolutionProperties) = preSolution
		HideSolutionNode = FALSE
	EndGlobalSection
EndGlobal
