
Microsoft Visual Studio Solution File, Format Version 12.00
# Visual Studio Express 2013 for Web
VisualStudioVersion = 12.0.31101.0
MinimumVisualStudioVersion = 10.0.40219.1
Project("{FAE04EC0-301F-11D3-BF4B-00C04F79EFBC}") = "Models", "Model\Models.csproj", "{FE4E8345-F9E4-4C3A-B4EF-29AB828ACCBF}"
EndProject
Project("{FAE04EC0-301F-11D3-BF4B-00C04F79EFBC}") = "Services", "Services\Services.csproj", "{684E1EB5-9FE0-4080-9890-65241CEFD6FF}"
EndProject
Project("{FAE04EC0-301F-11D3-BF4B-00C04F79EFBC}") = "SWIACalc", "SWIACalc\SWIACalc.csproj", "{720640CC-C7F8-47C0-A7CD-A752230FFC28}"
EndProject
Project("{FAE04EC0-301F-11D3-BF4B-00C04F79EFBC}") = "SWIACalc.Tests", "SWIACalc.Tests\SWIACalc.Tests.csproj", "{ACC0CD31-E1F0-43CD-BBD2-F37D84084CB4}"
EndProject
Project("{FAE04EC0-301F-11D3-BF4B-00C04F79EFBC}") = "Database", "Database\Database.csproj", "{1D879FF6-0A87-4F0D-B7D9-10A7C3183E05}"
EndProject
Global
	GlobalSection(SolutionConfigurationPlatforms) = preSolution
		Debug|Any CPU = Debug|Any CPU
		Release|Any CPU = Release|Any CPU
	EndGlobalSection
	GlobalSection(ProjectConfigurationPlatforms) = postSolution
		{FE4E8345-F9E4-4C3A-B4EF-29AB828ACCBF}.Debug|Any CPU.ActiveCfg = Debug|Any CPU
		{FE4E8345-F9E4-4C3A-B4EF-29AB828ACCBF}.Debug|Any CPU.Build.0 = Debug|Any CPU
		{FE4E8345-F9E4-4C3A-B4EF-29AB828ACCBF}.Release|Any CPU.ActiveCfg = Release|Any CPU
		{FE4E8345-F9E4-4C3A-B4EF-29AB828ACCBF}.Release|Any CPU.Build.0 = Release|Any CPU
		{684E1EB5-9FE0-4080-9890-65241CEFD6FF}.Debug|Any CPU.ActiveCfg = Debug|Any CPU
		{684E1EB5-9FE0-4080-9890-65241CEFD6FF}.Debug|Any CPU.Build.0 = Debug|Any CPU
		{684E1EB5-9FE0-4080-9890-65241CEFD6FF}.Release|Any CPU.ActiveCfg = Release|Any CPU
		{684E1EB5-9FE0-4080-9890-65241CEFD6FF}.Release|Any CPU.Build.0 = Release|Any CPU
		{720640CC-C7F8-47C0-A7CD-A752230FFC28}.Debug|Any CPU.ActiveCfg = Debug|Any CPU
		{720640CC-C7F8-47C0-A7CD-A752230FFC28}.Debug|Any CPU.Build.0 = Debug|Any CPU
		{720640CC-C7F8-47C0-A7CD-A752230FFC28}.Release|Any CPU.ActiveCfg = Release|Any CPU
		{720640CC-C7F8-47C0-A7CD-A752230FFC28}.Release|Any CPU.Build.0 = Release|Any CPU
		{ACC0CD31-E1F0-43CD-BBD2-F37D84084CB4}.Debug|Any CPU.ActiveCfg = Debug|Any CPU
		{ACC0CD31-E1F0-43CD-BBD2-F37D84084CB4}.Debug|Any CPU.Build.0 = Debug|Any CPU
		{ACC0CD31-E1F0-43CD-BBD2-F37D84084CB4}.Release|Any CPU.ActiveCfg = Release|Any CPU
		{ACC0CD31-E1F0-43CD-BBD2-F37D84084CB4}.Release|Any CPU.Build.0 = Release|Any CPU
		{1D879FF6-0A87-4F0D-B7D9-10A7C3183E05}.Debug|Any CPU.ActiveCfg = Debug|Any CPU
		{1D879FF6-0A87-4F0D-B7D9-10A7C3183E05}.Debug|Any CPU.Build.0 = Debug|Any CPU
		{1D879FF6-0A87-4F0D-B7D9-10A7C3183E05}.Release|Any CPU.ActiveCfg = Release|Any CPU
		{1D879FF6-0A87-4F0D-B7D9-10A7C3183E05}.Release|Any CPU.Build.0 = Release|Any CPU
	EndGlobalSection
	GlobalSection(SolutionProperties) = preSolution
		HideSolutionNode = FALSE
	EndGlobalSection
EndGlobal
